Microsoft Visual Studio Solution File, Format Version 12.00
# Visual Studio Version 17
VisualStudioVersion = 17.5.2.0
MinimumVisualStudioVersion = 10.0.40219.1
Project("{FAE04EC0-301F-11D3-BF4B-00C04F79EFBC}") = "CivicTrack.Api", "CivicTrack.Api.csproj", "{BF03BD28-B647-59C6-C491-C4CE7480FC14}"
EndProject
Global
	GlobalSection(SolutionConfigurationPlatforms) = preSolution
		Debug|Any CPU = Debug|Any CPU
		Release|Any CPU = Release|Any CPU
	EndGlobalSection
	GlobalSection(ProjectConfigurationPlatforms) = postSolution
		{BF03BD28-B647-59C6-C491-C4CE7480FC14}.Debug|Any CPU.ActiveCfg = Debug|Any CPU
		{BF03BD28-B647-59C6-C491-C4CE7480FC14}.Debug|Any CPU.Build.0 = Debug|Any CPU
		{BF03BD28-B647-59C6-C491-C4CE7480FC14}.Release|Any CPU.ActiveCfg = Release|Any CPU
		{BF03BD28-B647-59C6-C491-C4CE7480FC14}.Release|Any CPU.Build.0 = Release|Any CPU
	EndGlobalSection
	GlobalSection(SolutionProperties) = preSolution
		HideSolutionNode = FALSE
	EndGlobalSection
	GlobalSection(ExtensibilityGlobals) = postSolution
		SolutionGuid = {A6898FF4-D5B0-4B4F-8BB2-0AFD2009C1D7}
	EndGlobalSection
EndGlobal
